
Microsoft Visual Studio Solution File, Format Version 12.00
# Visual Studio Version 17
VisualStudioVersion = 17.2.32616.157
MinimumVisualStudioVersion = 10.0.40219.1
Project("{FAE04EC0-301F-11D3-BF4B-00C04F79EFBC}") = "QUESTAO_05_PROVA", "QUESTAO_05_PROVA.csproj", "{BB34AFE4-6E0E-4C06-9563-CADF66361481}"
EndProject
Global
	GlobalSection(SolutionConfigurationPlatforms) = preSolution
		Debug|Any CPU = Debug|Any CPU
		Release|Any CPU = Release|Any CPU
	EndGlobalSection
	GlobalSection(ProjectConfigurationPlatforms) = postSolution
		{BB34AFE4-6E0E-4C06-9563-CADF66361481}.Debug|Any CPU.ActiveCfg = Debug|Any CPU
		{BB34AFE4-6E0E-4C06-9563-CADF66361481}.Debug|Any CPU.Build.0 = Debug|Any CPU
		{BB34AFE4-6E0E-4C06-9563-CADF66361481}.Release|Any CPU.ActiveCfg = Release|Any CPU
		{BB34AFE4-6E0E-4C06-9563-CADF66361481}.Release|Any CPU.Build.0 = Release|Any CPU
	EndGlobalSection
	GlobalSection(SolutionProperties) = preSolution
		HideSolutionNode = FALSE
	EndGlobalSection
	GlobalSection(ExtensibilityGlobals) = postSolution
		SolutionGuid = {21A1B8A2-BDC7-43F3-9442-6DC79D1790E9}
	EndGlobalSection
EndGlobal
